
Microsoft Visual Studio Solution File, Format Version 12.00
# Visual Studio Version 17
VisualStudioVersion = 17.3.32901.215
MinimumVisualStudioVersion = 10.0.40219.1
Project("{9A19103F-16F7-4668-BE54-9A1E7A4F7556}") = "TreeListView", "TreeListView\TreeListView.csproj", "{988248C5-47B0-4B53-84A7-98C938E86660}"
EndProject
Project("{9A19103F-16F7-4668-BE54-9A1E7A4F7556}") = "Demo", "Demo\Demo.csproj", "{BAC6A04E-2318-4359-95E3-830BB9B6B6BF}"
EndProject
Project("{9A19103F-16F7-4668-BE54-9A1E7A4F7556}") = "WPG", "WPG\WPG.csproj", "{F611AB5F-7F72-49FA-8604-872C8E00599E}"
EndProject
Global
	GlobalSection(SolutionConfigurationPlatforms) = preSolution
		Debug|Any CPU = Debug|Any CPU
		Release|Any CPU = Release|Any CPU
	EndGlobalSection
	GlobalSection(ProjectConfigurationPlatforms) = postSolution
		{988248C5-47B0-4B53-84A7-98C938E86660}.Debug|Any CPU.ActiveCfg = Debug|Any CPU
		{988248C5-47B0-4B53-84A7-98C938E86660}.Debug|Any CPU.Build.0 = Debug|Any CPU
		{988248C5-47B0-4B53-84A7-98C938E86660}.Release|Any CPU.ActiveCfg = Release|Any CPU
		{988248C5-47B0-4B53-84A7-98C938E86660}.Release|Any CPU.Build.0 = Release|Any CPU
		{BAC6A04E-2318-4359-95E3-830BB9B6B6BF}.Debug|Any CPU.ActiveCfg = Debug|Any CPU
		{BAC6A04E-2318-4359-95E3-830BB9B6B6BF}.Debug|Any CPU.Build.0 = Debug|Any CPU
		{BAC6A04E-2318-4359-95E3-830BB9B6B6BF}.Release|Any CPU.ActiveCfg = Release|Any CPU
		{BAC6A04E-2318-4359-95E3-830BB9B6B6BF}.Release|Any CPU.Build.0 = Release|Any CPU
		{F611AB5F-7F72-49FA-8604-872C8E00599E}.Debug|Any CPU.ActiveCfg = Debug|Any CPU
		{F611AB5F-7F72-49FA-8604-872C8E00599E}.Debug|Any CPU.Build.0 = Debug|Any CPU
		{F611AB5F-7F72-49FA-8604-872C8E00599E}.Release|Any CPU.ActiveCfg = Release|Any CPU
		{F611AB5F-7F72-49FA-8604-872C8E00599E}.Release|Any CPU.Build.0 = Release|Any CPU
	EndGlobalSection
	GlobalSection(SolutionProperties) = preSolution
		HideSolutionNode = FALSE
	EndGlobalSection
	GlobalSection(ExtensibilityGlobals) = postSolution
		SolutionGuid = {5E84615D-F18E-4DCA-956E-32A8FBB22DB9}
	EndGlobalSection
EndGlobal
